<?xml version="1.0" encoding="UTF-8" standalone="yes" ?>
<CodeBlocks_project_file>
	<FileVersion major="1" minor="6" />
	<Project>
		<Option title="FN" />
		<Option pch_mode="2" />
		<Option compiler="gcc" />
		<Build>
			<Target title="Debug">
				<Option output="bin/Debug/FN" prefix_auto="1" extension_auto="1" />
				<Option object_output="obj/Debug/" />
				<Option type="1" />
				<Option compiler="gcc" />
				<Compiler>
					<Add option="-g" />
				</Compiler>
			</Target>
			<Target title="Release">
				<Option output="bin/Release/FN" prefix_auto="1" extension_auto="1" />
				<Option object_output="obj/Release/" />
				<Option type="1" />
				<Option compiler="gcc" />
				<Compiler>
					<Add option="-O2" />
				</Compiler>
				<Linker>
					<Add option="-s" />
				</Linker>
			</Target>
		</Build>
		<Compiler>
			<Add option="-Wall" />
			<Add directory="SFML/include" />
		</Compiler>
		<Linker>
			<Add library="sfml-graphics" />
			<Add library="sfml-window" />
			<Add library="sfml-system" />
			<Add library="sfml-audio" />
			<Add directory="SFML/lib" />
		</Linker>
		<Unit filename="ArchivoPuntaje.cpp" />
		<Unit filename="ArchivoPuntaje.h" />
		<Unit filename="BotonesPelea.cpp" />
		<Unit filename="BotonesPelea.h" />
		<Unit filename="CajaDeTexto.cpp" />
		<Unit filename="CajaDeTexto.h" />
		<Unit filename="Inicializador.cpp">
			<Option target="&lt;{~None~}&gt;" />
		</Unit>
		<Unit filename="Inicializador.h">
			<Option target="&lt;{~None~}&gt;" />
		</Unit>
		<Unit filename="Juego.cpp" />
		<Unit filename="Juego.h" />
		<Unit filename="Menu.cpp" />
		<Unit filename="Menu.h" />
		<Unit filename="Pelea.cpp" />
		<Unit filename="Pelea.h" />
		<Unit filename="Puntaje.cpp" />
		<Unit filename="Puntaje.h" />
		<Unit filename="botones.cpp" />
		<Unit filename="botones.h" />
		<Unit filename="casa1.cpp" />
		<Unit filename="casa1.h" />
		<Unit filename="casa2.cpp" />
		<Unit filename="casa2.h" />
		<Unit filename="colisiones.cpp" />
		<Unit filename="colisiones.h" />
		<Unit filename="desarrollo.cpp" />
		<Unit filename="enemigo.cpp" />
		<Unit filename="enemigo.h" />
		<Unit filename="funciones.h" />
		<Unit filename="interfazPelea.cpp" />
		<Unit filename="interfazPelea.h" />
		<Unit filename="itemCorazon.cpp" />
		<Unit filename="itemCorazon.h" />
		<Unit filename="itemCristal.cpp" />
		<Unit filename="itemCristal.h" />
		<Unit filename="main.cpp" />
		<Unit filename="personajeMain.cpp" />
		<Unit filename="personajeMain.h" />
		<Extensions>
			<lib_finder disable_auto="1" />
		</Extensions>
	</Project>
</CodeBlocks_project_file>
